
Microsoft Visual Studio Solution File, Format Version 12.00
# Visual Studio Version 16
VisualStudioVersion = 16.0.30320.27
MinimumVisualStudioVersion = 10.0.40219.1
Project("{FAE04EC0-301F-11D3-BF4B-00C04F79EFBC}") = "WebCay", "WenCay\WebCay.csproj", "{1412B6D0-29E5-43D8-9404-BE6DD204CE0C}"
EndProject
Global
	GlobalSection(SolutionConfigurationPlatforms) = preSolution
		Debug|Any CPU = Debug|Any CPU
		Release|Any CPU = Release|Any CPU
	EndGlobalSection
	GlobalSection(ProjectConfigurationPlatforms) = postSolution
		{1412B6D0-29E5-43D8-9404-BE6DD204CE0C}.Debug|Any CPU.ActiveCfg = Debug|Any CPU
		{1412B6D0-29E5-43D8-9404-BE6DD204CE0C}.Debug|Any CPU.Build.0 = Debug|Any CPU
		{1412B6D0-29E5-43D8-9404-BE6DD204CE0C}.Release|Any CPU.ActiveCfg = Release|Any CPU
		{1412B6D0-29E5-43D8-9404-BE6DD204CE0C}.Release|Any CPU.Build.0 = Release|Any CPU
	EndGlobalSection
	GlobalSection(SolutionProperties) = preSolution
		HideSolutionNode = FALSE
	EndGlobalSection
	GlobalSection(ExtensibilityGlobals) = postSolution
		SolutionGuid = {E37C4284-BAF8-4CAC-92D9-696A5A779C0C}
	EndGlobalSection
EndGlobal
